{
  "name": "ts-to-xml",
  "version": "0.0.0",
  "lockfileVersion": 1,
  "requires": true,
  "dependencies": {
    "@ryancavanaugh/xmlbuilder": {
      "version": "0.0.13-alpha",
      "resolved": "https://registry.npmjs.org/@ryancavanaugh/xmlbuilder/-/xmlbuilder-0.0.13-alpha.tgz",
      "integrity": "sha1-GsM71TALKUTBFRBZuB+i7TLs3Nw=",
      "dev": true
    },
    "@types/node": {
      "version": "8.10.59",
      "resolved": "https://registry.npmjs.org/@types/node/-/node-8.10.59.tgz",
      "integrity": "sha512-8RkBivJrDCyPpBXhVZcjh7cQxVBSmRk9QM7hOketZzp6Tg79c0N8kkpAIito9bnJ3HCVCHVYz+KHTEbfQNfeVQ==",
      "dev": true
    },
    "typescript": {
      "version": "3.8.3",
      "resolved": "https://registry.npmjs.org/typescript/-/typescript-3.8.3.tgz",
      "integrity": "sha512-MYlEfn5VrLNsgudQTVJeNaQFUAI7DkhnOjdpAp4T+ku1TfQClewlbSuTVHiA+8skNBgaf02TL/kLOvig4y3G8w==",
      "dev": true
    },
    "xmlbuilder": {
      "version": "15.0.0",
      "resolved": "https://registry.npmjs.org/xmlbuilder/-/xmlbuilder-15.0.0.tgz",
      "integrity": "sha512-KLu/G0DoWhkncQ9eHSI6s0/w+T4TM7rQaLhtCaL6tORv8jFlJPlnGumsgTcGfYeS1qZ/IHqrvDG7zJZ4d7e+nw=="
    }
  }
}
